// !$*UTF8*$!
{
	archiveVersion = 1;
	classes = {
	};
	objectVersion = 56;
	objects = {

/* Begin PBXBuildFile section */
		8B0DB1152B4451FD006EB879 /* ConfirmationPopover.swift in Sources */ = {isa = PBXBuildFile; fileRef = 8B0DB1142B4451FD006EB879 /* ConfirmationPopover.swift */; };
		8B0DB1182B446DE9006EB879 /* FoodSelectionOverlay.swift in Sources */ = {isa = PBXBuildFile; fileRef = 8B0DB1172B446DE9006EB879 /* FoodSelectionOverlay.swift */; };
		8B0DB11A2B446FE9006EB879 /* DiaryHeader.swift in Sources */ = {isa = PBXBuildFile; fileRef = 8B0DB1192B446FE8006EB879 /* DiaryHeader.swift */; };
		8B7060122B3DE0CB00E2AC3F /* Health_App.swift in Sources */ = {isa = PBXBuildFile; fileRef = 8B7060112B3DE0CB00E2AC3F /* Health_App.swift */; };
		8B7060142B3DE0CB00E2AC3F /* FoodSearchView.swift in Sources */ = {isa = PBXBuildFile; fileRef = 8B7060132B3DE0CB00E2AC3F /* FoodSearchView.swift */; };
		8B7060162B3DE0CE00E2AC3F /* Assets.xcassets in Resources */ = {isa = PBXBuildFile; fileRef = 8B7060152B3DE0CE00E2AC3F /* Assets.xcassets */; };
		8B7060192B3DE0CE00E2AC3F /* Preview Assets.xcassets in Resources */ = {isa = PBXBuildFile; fileRef = 8B7060182B3DE0CE00E2AC3F /* Preview Assets.xcassets */; };
		8B7060232B3DFA7D00E2AC3F /* NutritionixService.swift in Sources */ = {isa = PBXBuildFile; fileRef = 8B7060222B3DFA7D00E2AC3F /* NutritionixService.swift */; };
		8B7060252B3DFC4300E2AC3F /* Secrets.swift in Sources */ = {isa = PBXBuildFile; fileRef = 8B7060242B3DFC4300E2AC3F /* Secrets.swift */; };
		8B70602C2B3E1FDD00E2AC3F /* NixFoodItems.swift in Sources */ = {isa = PBXBuildFile; fileRef = 8B70602B2B3E1FDD00E2AC3F /* NixFoodItems.swift */; };
		8B70602F2B3ED0BA00E2AC3F /* FoodItemRow.swift in Sources */ = {isa = PBXBuildFile; fileRef = 8B70602E2B3ED0BA00E2AC3F /* FoodItemRow.swift */; };
		8B7060312B3F0F0F00E2AC3F /* RootView.swift in Sources */ = {isa = PBXBuildFile; fileRef = 8B7060302B3F0F0F00E2AC3F /* RootView.swift */; };
		8B7060332B3F119D00E2AC3F /* DailyDiaryView.swift in Sources */ = {isa = PBXBuildFile; fileRef = 8B7060322B3F119D00E2AC3F /* DailyDiaryView.swift */; };
		8B7060372B3F298600E2AC3F /* FatSecretService.swift in Sources */ = {isa = PBXBuildFile; fileRef = 8B7060362B3F298600E2AC3F /* FatSecretService.swift */; };
		8B7060392B3F2E9F00E2AC3F /* TokenResponse.swift in Sources */ = {isa = PBXBuildFile; fileRef = 8B7060382B3F2E9F00E2AC3F /* TokenResponse.swift */; };
		8B70603B2B3F6DAB00E2AC3F /* Food.swift in Sources */ = {isa = PBXBuildFile; fileRef = 8B70603A2B3F6DAB00E2AC3F /* Food.swift */; };
		8B70603D2B3F724600E2AC3F /* FoodDetailView.swift in Sources */ = {isa = PBXBuildFile; fileRef = 8B70603C2B3F724600E2AC3F /* FoodDetailView.swift */; };
		8B70603F2B3F844D00E2AC3F /* NixNutrition.swift in Sources */ = {isa = PBXBuildFile; fileRef = 8B70603E2B3F844D00E2AC3F /* NixNutrition.swift */; };
		8B7060412B408E4000E2AC3F /* CreateCustomFoodView.swift in Sources */ = {isa = PBXBuildFile; fileRef = 8B7060402B408E4000E2AC3F /* CreateCustomFoodView.swift */; };
		8B7060432B40AFE700E2AC3F /* SubmitFoodButton.swift in Sources */ = {isa = PBXBuildFile; fileRef = 8B7060422B40AFE700E2AC3F /* SubmitFoodButton.swift */; };
		8B7060472B40BE2300E2AC3F /* Config.plist in Resources */ = {isa = PBXBuildFile; fileRef = 8B7060462B40BE2300E2AC3F /* Config.plist */; };
		8B7060492B40BEF800E2AC3F /* FoodDataItem.swift in Sources */ = {isa = PBXBuildFile; fileRef = 8B7060482B40BEF800E2AC3F /* FoodDataItem.swift */; };
		8B70604C2B41A42E00E2AC3F /* previewContainer.swift in Sources */ = {isa = PBXBuildFile; fileRef = 8B70604B2B41A42E00E2AC3F /* previewContainer.swift */; };
		8B70604E2B41BAF900E2AC3F /* FoodItemButton.swift in Sources */ = {isa = PBXBuildFile; fileRef = 8B70604D2B41BAF900E2AC3F /* FoodItemButton.swift */; };
		8B7060502B41F71800E2AC3F /* DailyTaskManager.swift in Sources */ = {isa = PBXBuildFile; fileRef = 8B70604F2B41F71800E2AC3F /* DailyTaskManager.swift */; };
		8B7060542B42FBE500E2AC3F /* Mcdonalds.json in Resources */ = {isa = PBXBuildFile; fileRef = 8B7060532B42FBE500E2AC3F /* Mcdonalds.json */; };
		8B7060562B43093900E2AC3F /* JSONHandler.swift in Sources */ = {isa = PBXBuildFile; fileRef = 8B7060552B43093900E2AC3F /* JSONHandler.swift */; };
		8B70605A2B430A1100E2AC3F /* CustomFoodsViewModel.swift in Sources */ = {isa = PBXBuildFile; fileRef = 8B7060592B430A1100E2AC3F /* CustomFoodsViewModel.swift */; };
		8B70605C2B430E4D00E2AC3F /* CustomBrandFoodsView.swift in Sources */ = {isa = PBXBuildFile; fileRef = 8B70605B2B430E4D00E2AC3F /* CustomBrandFoodsView.swift */; };
		8B70605E2B431B2600E2AC3F /* BrandButton.swift in Sources */ = {isa = PBXBuildFile; fileRef = 8B70605D2B431B2600E2AC3F /* BrandButton.swift */; };
		8B7060612B433BE100E2AC3F /* AddFoodView.swift in Sources */ = {isa = PBXBuildFile; fileRef = 8B7060602B433BE100E2AC3F /* AddFoodView.swift */; };
		8B7060642B43627200E2AC3F /* NavigationManager.swift in Sources */ = {isa = PBXBuildFile; fileRef = 8B7060632B43627200E2AC3F /* NavigationManager.swift */; };
		8B90D1DC2B46150A00DA145E /* DailyNutrientData.swift in Sources */ = {isa = PBXBuildFile; fileRef = 8B90D1DB2B46150A00DA145E /* DailyNutrientData.swift */; };
		8B90D1DE2B46160600DA145E /* InsightsView.swift in Sources */ = {isa = PBXBuildFile; fileRef = 8B90D1DD2B46160600DA145E /* InsightsView.swift */; };
/* End PBXBuildFile section */

/* Begin PBXFileReference section */
		8B0DB1142B4451FD006EB879 /* ConfirmationPopover.swift */ = {isa = PBXFileReference; lastKnownFileType = sourcecode.swift; path = ConfirmationPopover.swift; sourceTree = "<group>"; };
		8B0DB1172B446DE9006EB879 /* FoodSelectionOverlay.swift */ = {isa = PBXFileReference; lastKnownFileType = sourcecode.swift; path = FoodSelectionOverlay.swift; sourceTree = "<group>"; };
		8B0DB1192B446FE8006EB879 /* DiaryHeader.swift */ = {isa = PBXFileReference; lastKnownFileType = sourcecode.swift; path = DiaryHeader.swift; sourceTree = "<group>"; };
		8B70600E2B3DE0CB00E2AC3F /* Health App.app */ = {isa = PBXFileReference; explicitFileType = wrapper.application; includeInIndex = 0; path = "Health App.app"; sourceTree = BUILT_PRODUCTS_DIR; };
		8B7060112B3DE0CB00E2AC3F /* Health_App.swift */ = {isa = PBXFileReference; lastKnownFileType = sourcecode.swift; path = Health_App.swift; sourceTree = "<group>"; };
		8B7060132B3DE0CB00E2AC3F /* FoodSearchView.swift */ = {isa = PBXFileReference; lastKnownFileType = sourcecode.swift; path = FoodSearchView.swift; sourceTree = "<group>"; };
		8B7060152B3DE0CE00E2AC3F /* Assets.xcassets */ = {isa = PBXFileReference; lastKnownFileType = folder.assetcatalog; path = Assets.xcassets; sourceTree = "<group>"; };
		8B7060182B3DE0CE00E2AC3F /* Preview Assets.xcassets */ = {isa = PBXFileReference; lastKnownFileType = folder.assetcatalog; path = "Preview Assets.xcassets"; sourceTree = "<group>"; };
		8B7060222B3DFA7D00E2AC3F /* NutritionixService.swift */ = {isa = PBXFileReference; lastKnownFileType = sourcecode.swift; path = NutritionixService.swift; sourceTree = "<group>"; };
		8B7060242B3DFC4300E2AC3F /* Secrets.swift */ = {isa = PBXFileReference; lastKnownFileType = sourcecode.swift; path = Secrets.swift; sourceTree = "<group>"; };
		8B70602B2B3E1FDD00E2AC3F /* NixFoodItems.swift */ = {isa = PBXFileReference; lastKnownFileType = sourcecode.swift; path = NixFoodItems.swift; sourceTree = "<group>"; };
		8B70602E2B3ED0BA00E2AC3F /* FoodItemRow.swift */ = {isa = PBXFileReference; lastKnownFileType = sourcecode.swift; path = FoodItemRow.swift; sourceTree = "<group>"; };
		8B7060302B3F0F0F00E2AC3F /* RootView.swift */ = {isa = PBXFileReference; lastKnownFileType = sourcecode.swift; path = RootView.swift; sourceTree = "<group>"; };
		8B7060322B3F119D00E2AC3F /* DailyDiaryView.swift */ = {isa = PBXFileReference; lastKnownFileType = sourcecode.swift; path = DailyDiaryView.swift; sourceTree = "<group>"; };
		8B7060362B3F298600E2AC3F /* FatSecretService.swift */ = {isa = PBXFileReference; lastKnownFileType = sourcecode.swift; path = FatSecretService.swift; sourceTree = "<group>"; };
		8B7060382B3F2E9F00E2AC3F /* TokenResponse.swift */ = {isa = PBXFileReference; lastKnownFileType = sourcecode.swift; path = TokenResponse.swift; sourceTree = "<group>"; };
		8B70603A2B3F6DAB00E2AC3F /* Food.swift */ = {isa = PBXFileReference; lastKnownFileType = sourcecode.swift; path = Food.swift; sourceTree = "<group>"; };
		8B70603C2B3F724600E2AC3F /* FoodDetailView.swift */ = {isa = PBXFileReference; lastKnownFileType = sourcecode.swift; path = FoodDetailView.swift; sourceTree = "<group>"; };
		8B70603E2B3F844D00E2AC3F /* NixNutrition.swift */ = {isa = PBXFileReference; lastKnownFileType = sourcecode.swift; path = NixNutrition.swift; sourceTree = "<group>"; };
		8B7060402B408E4000E2AC3F /* CreateCustomFoodView.swift */ = {isa = PBXFileReference; lastKnownFileType = sourcecode.swift; path = CreateCustomFoodView.swift; sourceTree = "<group>"; };
		8B7060422B40AFE700E2AC3F /* SubmitFoodButton.swift */ = {isa = PBXFileReference; lastKnownFileType = sourcecode.swift; path = SubmitFoodButton.swift; sourceTree = "<group>"; };
		8B7060462B40BE2300E2AC3F /* Config.plist */ = {isa = PBXFileReference; fileEncoding = 4; lastKnownFileType = text.plist.xml; path = Config.plist; sourceTree = "<group>"; };
		8B7060482B40BEF800E2AC3F /* FoodDataItem.swift */ = {isa = PBXFileReference; lastKnownFileType = sourcecode.swift; path = FoodDataItem.swift; sourceTree = "<group>"; };
		8B70604B2B41A42E00E2AC3F /* previewContainer.swift */ = {isa = PBXFileReference; lastKnownFileType = sourcecode.swift; path = previewContainer.swift; sourceTree = "<group>"; };
		8B70604D2B41BAF900E2AC3F /* FoodItemButton.swift */ = {isa = PBXFileReference; lastKnownFileType = sourcecode.swift; path = FoodItemButton.swift; sourceTree = "<group>"; };
		8B70604F2B41F71800E2AC3F /* DailyTaskManager.swift */ = {isa = PBXFileReference; lastKnownFileType = sourcecode.swift; path = DailyTaskManager.swift; sourceTree = "<group>"; };
		8B7060532B42FBE500E2AC3F /* Mcdonalds.json */ = {isa = PBXFileReference; lastKnownFileType = text.json; path = Mcdonalds.json; sourceTree = "<group>"; };
		8B7060552B43093900E2AC3F /* JSONHandler.swift */ = {isa = PBXFileReference; lastKnownFileType = sourcecode.swift; path = JSONHandler.swift; sourceTree = "<group>"; };
		8B7060592B430A1100E2AC3F /* CustomFoodsViewModel.swift */ = {isa = PBXFileReference; lastKnownFileType = sourcecode.swift; path = CustomFoodsViewModel.swift; sourceTree = "<group>"; };
		8B70605B2B430E4D00E2AC3F /* CustomBrandFoodsView.swift */ = {isa = PBXFileReference; lastKnownFileType = sourcecode.swift; path = CustomBrandFoodsView.swift; sourceTree = "<group>"; };
		8B70605D2B431B2600E2AC3F /* BrandButton.swift */ = {isa = PBXFileReference; lastKnownFileType = sourcecode.swift; path = BrandButton.swift; sourceTree = "<group>"; };
		8B7060602B433BE100E2AC3F /* AddFoodView.swift */ = {isa = PBXFileReference; lastKnownFileType = sourcecode.swift; path = AddFoodView.swift; sourceTree = "<group>"; };
		8B7060632B43627200E2AC3F /* NavigationManager.swift */ = {isa = PBXFileReference; lastKnownFileType = sourcecode.swift; path = NavigationManager.swift; sourceTree = "<group>"; };
		8B90D1DB2B46150A00DA145E /* DailyNutrientData.swift */ = {isa = PBXFileReference; lastKnownFileType = sourcecode.swift; path = DailyNutrientData.swift; sourceTree = "<group>"; };
		8B90D1DD2B46160600DA145E /* InsightsView.swift */ = {isa = PBXFileReference; lastKnownFileType = sourcecode.swift; path = InsightsView.swift; sourceTree = "<group>"; };
/* End PBXFileReference section */

/* Begin PBXFrameworksBuildPhase section */
		8B70600B2B3DE0CB00E2AC3F /* Frameworks */ = {
			isa = PBXFrameworksBuildPhase;
			buildActionMask = 2147483647;
			files = (
			);
			runOnlyForDeploymentPostprocessing = 0;
		};
/* End PBXFrameworksBuildPhase section */

/* Begin PBXGroup section */
		8B0DB1162B445201006EB879 /* Custom Components */ = {
			isa = PBXGroup;
			children = (
				8B0DB1142B4451FD006EB879 /* ConfirmationPopover.swift */,
				8B0DB1172B446DE9006EB879 /* FoodSelectionOverlay.swift */,
			);
			path = "Custom Components";
			sourceTree = "<group>";
		};
		8B7060052B3DE0CB00E2AC3F = {
			isa = PBXGroup;
			children = (
				8B7060102B3DE0CB00E2AC3F /* Health App */,
				8B70600F2B3DE0CB00E2AC3F /* Products */,
			);
			sourceTree = "<group>";
		};
		8B70600F2B3DE0CB00E2AC3F /* Products */ = {
			isa = PBXGroup;
			children = (
				8B70600E2B3DE0CB00E2AC3F /* Health App.app */,
			);
			name = Products;
			sourceTree = "<group>";
		};
		8B7060102B3DE0CB00E2AC3F /* Health App */ = {
			isa = PBXGroup;
			children = (
				8B7060462B40BE2300E2AC3F /* Config.plist */,
				8B7060112B3DE0CB00E2AC3F /* Health_App.swift */,
				8B70601F2B3DFA3F00E2AC3F /* Views */,
				8B7060202B3DFA4300E2AC3F /* ViewModels */,
				8B7060212B3DFA4B00E2AC3F /* Models */,
				8B7060622B43625000E2AC3F /* Controllers */,
				8B70602A2B3E1F2700E2AC3F /* Services */,
				8B70604A2B41A3DF00E2AC3F /* Preview Helpers */,
				8B7060512B421D7B00E2AC3F /* Helpers */,
				8B7060522B42FBA900E2AC3F /* Custom Food Files */,
				8B7060152B3DE0CE00E2AC3F /* Assets.xcassets */,
				8B7060172B3DE0CE00E2AC3F /* Preview Content */,
				8B7060242B3DFC4300E2AC3F /* Secrets.swift */,
			);
			path = "Health App";
			sourceTree = "<group>";
		};
		8B7060172B3DE0CE00E2AC3F /* Preview Content */ = {
			isa = PBXGroup;
			children = (
				8B7060182B3DE0CE00E2AC3F /* Preview Assets.xcassets */,
			);
			path = "Preview Content";
			sourceTree = "<group>";
		};
		8B70601F2B3DFA3F00E2AC3F /* Views */ = {
			isa = PBXGroup;
			children = (
				8B7060302B3F0F0F00E2AC3F /* RootView.swift */,
				8B7060322B3F119D00E2AC3F /* DailyDiaryView.swift */,
				8B7060132B3DE0CB00E2AC3F /* FoodSearchView.swift */,
				8B90D1DD2B46160600DA145E /* InsightsView.swift */,
				8B7060402B408E4000E2AC3F /* CreateCustomFoodView.swift */,
				8B70605B2B430E4D00E2AC3F /* CustomBrandFoodsView.swift */,
				8B70602D2B3ED06F00E2AC3F /* Reusable Views */,
			);
			path = Views;
			sourceTree = "<group>";
		};
		8B7060202B3DFA4300E2AC3F /* ViewModels */ = {
			isa = PBXGroup;
			children = (
				8B7060592B430A1100E2AC3F /* CustomFoodsViewModel.swift */,
			);
			path = ViewModels;
			sourceTree = "<group>";
		};
		8B7060212B3DFA4B00E2AC3F /* Models */ = {
			isa = PBXGroup;
			children = (
				8B7060482B40BEF800E2AC3F /* FoodDataItem.swift */,
				8B70603A2B3F6DAB00E2AC3F /* Food.swift */,
				8B7060552B43093900E2AC3F /* JSONHandler.swift */,
				8B70602B2B3E1FDD00E2AC3F /* NixFoodItems.swift */,
				8B7060382B3F2E9F00E2AC3F /* TokenResponse.swift */,
				8B70603E2B3F844D00E2AC3F /* NixNutrition.swift */,
				8B70604F2B41F71800E2AC3F /* DailyTaskManager.swift */,
				8B90D1DB2B46150A00DA145E /* DailyNutrientData.swift */,
			);
			path = Models;
			sourceTree = "<group>";
		};
		8B70602A2B3E1F2700E2AC3F /* Services */ = {
			isa = PBXGroup;
			children = (
				8B7060222B3DFA7D00E2AC3F /* NutritionixService.swift */,
				8B7060362B3F298600E2AC3F /* FatSecretService.swift */,
			);
			path = Services;
			sourceTree = "<group>";
		};
		8B70602D2B3ED06F00E2AC3F /* Reusable Views */ = {
			isa = PBXGroup;
			children = (
				8B7060602B433BE100E2AC3F /* AddFoodView.swift */,
				8B70603C2B3F724600E2AC3F /* FoodDetailView.swift */,
				8B70602E2B3ED0BA00E2AC3F /* FoodItemRow.swift */,
				8B70605F2B433BC900E2AC3F /* Buttons */,
				8B0DB1162B445201006EB879 /* Custom Components */,
				8B0DB1192B446FE8006EB879 /* DiaryHeader.swift */,
			);
			path = "Reusable Views";
			sourceTree = "<group>";
		};
		8B70604A2B41A3DF00E2AC3F /* Preview Helpers */ = {
			isa = PBXGroup;
			children = (
				8B70604B2B41A42E00E2AC3F /* previewContainer.swift */,
			);
			path = "Preview Helpers";
			sourceTree = "<group>";
		};
		8B7060512B421D7B00E2AC3F /* Helpers */ = {
			isa = PBXGroup;
			children = (
			);
			path = Helpers;
			sourceTree = "<group>";
		};
		8B7060522B42FBA900E2AC3F /* Custom Food Files */ = {
			isa = PBXGroup;
			children = (
				8B7060532B42FBE500E2AC3F /* Mcdonalds.json */,
			);
			path = "Custom Food Files";
			sourceTree = "<group>";
		};
		8B70605F2B433BC900E2AC3F /* Buttons */ = {
			isa = PBXGroup;
			children = (
				8B70605D2B431B2600E2AC3F /* BrandButton.swift */,
				8B70604D2B41BAF900E2AC3F /* FoodItemButton.swift */,
				8B7060422B40AFE700E2AC3F /* SubmitFoodButton.swift */,
			);
			path = Buttons;
			sourceTree = "<group>";
		};
		8B7060622B43625000E2AC3F /* Controllers */ = {
			isa = PBXGroup;
			children = (
				8B7060632B43627200E2AC3F /* NavigationManager.swift */,
			);
			path = Controllers;
			sourceTree = "<group>";
		};
/* End PBXGroup section */

/* Begin PBXNativeTarget section */
		8B70600D2B3DE0CB00E2AC3F /* Health App */ = {
			isa = PBXNativeTarget;
			buildConfigurationList = 8B70601C2B3DE0CE00E2AC3F /* Build configuration list for PBXNativeTarget "Health App" */;
			buildPhases = (
				8B70600A2B3DE0CB00E2AC3F /* Sources */,
				8B70600B2B3DE0CB00E2AC3F /* Frameworks */,
				8B70600C2B3DE0CB00E2AC3F /* Resources */,
			);
			buildRules = (
			);
			dependencies = (
			);
			name = "Health App";
			productName = "Health App";
			productReference = 8B70600E2B3DE0CB00E2AC3F /* Health App.app */;
			productType = "com.apple.product-type.application";
		};
/* End PBXNativeTarget section */

/* Begin PBXProject section */
		8B7060062B3DE0CB00E2AC3F /* Project object */ = {
			isa = PBXProject;
			attributes = {
				BuildIndependentTargetsInParallel = 1;
				LastSwiftUpdateCheck = 1510;
				LastUpgradeCheck = 1510;
				TargetAttributes = {
					8B70600D2B3DE0CB00E2AC3F = {
						CreatedOnToolsVersion = 15.1;
					};
				};
			};
			buildConfigurationList = 8B7060092B3DE0CB00E2AC3F /* Build configuration list for PBXProject "Health App" */;
			compatibilityVersion = "Xcode 14.0";
			developmentRegion = en;
			hasScannedForEncodings = 0;
			knownRegions = (
				en,
				Base,
			);
			mainGroup = 8B7060052B3DE0CB00E2AC3F;
			productRefGroup = 8B70600F2B3DE0CB00E2AC3F /* Products */;
			projectDirPath = "";
			projectRoot = "";
			targets = (
				8B70600D2B3DE0CB00E2AC3F /* Health App */,
			);
		};
/* End PBXProject section */

/* Begin PBXResourcesBuildPhase section */
		8B70600C2B3DE0CB00E2AC3F /* Resources */ = {
			isa = PBXResourcesBuildPhase;
			buildActionMask = 2147483647;
			files = (
				8B7060192B3DE0CE00E2AC3F /* Preview Assets.xcassets in Resources */,
				8B7060472B40BE2300E2AC3F /* Config.plist in Resources */,
				8B7060162B3DE0CE00E2AC3F /* Assets.xcassets in Resources */,
				8B7060542B42FBE500E2AC3F /* Mcdonalds.json in Resources */,
			);
			runOnlyForDeploymentPostprocessing = 0;
		};
/* End PBXResourcesBuildPhase section */

/* Begin PBXSourcesBuildPhase section */
		8B70600A2B3DE0CB00E2AC3F /* Sources */ = {
			isa = PBXSourcesBuildPhase;
			buildActionMask = 2147483647;
			files = (
				8B70605A2B430A1100E2AC3F /* CustomFoodsViewModel.swift in Sources */,
				8B70603B2B3F6DAB00E2AC3F /* Food.swift in Sources */,
				8B7060142B3DE0CB00E2AC3F /* FoodSearchView.swift in Sources */,
				8B7060372B3F298600E2AC3F /* FatSecretService.swift in Sources */,
				8B90D1DC2B46150A00DA145E /* DailyNutrientData.swift in Sources */,
				8B7060642B43627200E2AC3F /* NavigationManager.swift in Sources */,
				8B7060502B41F71800E2AC3F /* DailyTaskManager.swift in Sources */,
				8B0DB11A2B446FE9006EB879 /* DiaryHeader.swift in Sources */,
				8B70605C2B430E4D00E2AC3F /* CustomBrandFoodsView.swift in Sources */,
				8B7060252B3DFC4300E2AC3F /* Secrets.swift in Sources */,
				8B0DB1152B4451FD006EB879 /* ConfirmationPopover.swift in Sources */,
				8B7060122B3DE0CB00E2AC3F /* Health_App.swift in Sources */,
				8B7060612B433BE100E2AC3F /* AddFoodView.swift in Sources */,
				8B7060412B408E4000E2AC3F /* CreateCustomFoodView.swift in Sources */,
				8B70605E2B431B2600E2AC3F /* BrandButton.swift in Sources */,
				8B70604C2B41A42E00E2AC3F /* previewContainer.swift in Sources */,
				8B70603D2B3F724600E2AC3F /* FoodDetailView.swift in Sources */,
				8B7060432B40AFE700E2AC3F /* SubmitFoodButton.swift in Sources */,
				8B7060392B3F2E9F00E2AC3F /* TokenResponse.swift in Sources */,
				8B70602C2B3E1FDD00E2AC3F /* NixFoodItems.swift in Sources */,
				8B7060312B3F0F0F00E2AC3F /* RootView.swift in Sources */,
				8B90D1DE2B46160600DA145E /* InsightsView.swift in Sources */,
				8B7060232B3DFA7D00E2AC3F /* NutritionixService.swift in Sources */,
				8B7060332B3F119D00E2AC3F /* DailyDiaryView.swift in Sources */,
				8B70604E2B41BAF900E2AC3F /* FoodItemButton.swift in Sources */,
				8B7060562B43093900E2AC3F /* JSONHandler.swift in Sources */,
				8B70602F2B3ED0BA00E2AC3F /* FoodItemRow.swift in Sources */,
				8B0DB1182B446DE9006EB879 /* FoodSelectionOverlay.swift in Sources */,
				8B7060492B40BEF800E2AC3F /* FoodDataItem.swift in Sources */,
				8B70603F2B3F844D00E2AC3F /* NixNutrition.swift in Sources */,
			);
			runOnlyForDeploymentPostprocessing = 0;
		};
/* End PBXSourcesBuildPhase section */

/* Begin XCBuildConfiguration section */
		8B70601A2B3DE0CE00E2AC3F /* Debug */ = {
			isa = XCBuildConfiguration;
			buildSettings = {
				ALWAYS_SEARCH_USER_PATHS = NO;
				ASSETCATALOG_COMPILER_GENERATE_SWIFT_ASSET_SYMBOL_EXTENSIONS = YES;
				CLANG_ANALYZER_NONNULL = YES;
				CLANG_ANALYZER_NUMBER_OBJECT_CONVERSION = YES_AGGRESSIVE;
				CLANG_CXX_LANGUAGE_STANDARD = "gnu++20";
				CLANG_ENABLE_MODULES = YES;
				CLANG_ENABLE_OBJC_ARC = YES;
				CLANG_ENABLE_OBJC_WEAK = YES;
				CLANG_WARN_BLOCK_CAPTURE_AUTORELEASING = YES;
				CLANG_WARN_BOOL_CONVERSION = YES;
				CLANG_WARN_COMMA = YES;
				CLANG_WARN_CONSTANT_CONVERSION = YES;
				CLANG_WARN_DEPRECATED_OBJC_IMPLEMENTATIONS = YES;
				CLANG_WARN_DIRECT_OBJC_ISA_USAGE = YES_ERROR;
				CLANG_WARN_DOCUMENTATION_COMMENTS = YES;
				CLANG_WARN_EMPTY_BODY = YES;
				CLANG_WARN_ENUM_CONVERSION = YES;
				CLANG_WARN_INFINITE_RECURSION = YES;
				CLANG_WARN_INT_CONVERSION = YES;
				CLANG_WARN_NON_LITERAL_NULL_CONVERSION = YES;
				CLANG_WARN_OBJC_IMPLICIT_RETAIN_SELF = YES;
				CLANG_WARN_OBJC_LITERAL_CONVERSION = YES;
				CLANG_WARN_OBJC_ROOT_CLASS = YES_ERROR;
				CLANG_WARN_QUOTED_INCLUDE_IN_FRAMEWORK_HEADER = YES;
				CLANG_WARN_RANGE_LOOP_ANALYSIS = YES;
				CLANG_WARN_STRICT_PROTOTYPES = YES;
				CLANG_WARN_SUSPICIOUS_MOVE = YES;
				CLANG_WARN_UNGUARDED_AVAILABILITY = YES_AGGRESSIVE;
				CLANG_WARN_UNREACHABLE_CODE = YES;
				CLANG_WARN__DUPLICATE_METHOD_MATCH = YES;
				COPY_PHASE_STRIP = NO;
				DEBUG_INFORMATION_FORMAT = dwarf;
				ENABLE_STRICT_OBJC_MSGSEND = YES;
				ENABLE_TESTABILITY = YES;
				ENABLE_USER_SCRIPT_SANDBOXING = YES;
				GCC_C_LANGUAGE_STANDARD = gnu17;
				GCC_DYNAMIC_NO_PIC = NO;
				GCC_NO_COMMON_BLOCKS = YES;
				GCC_OPTIMIZATION_LEVEL = 0;
				GCC_PREPROCESSOR_DEFINITIONS = (
					"DEBUG=1",
					"$(inherited)",
				);
				GCC_WARN_64_TO_32_BIT_CONVERSION = YES;
				GCC_WARN_ABOUT_RETURN_TYPE = YES_ERROR;
				GCC_WARN_UNDECLARED_SELECTOR = YES;
				GCC_WARN_UNINITIALIZED_AUTOS = YES_AGGRESSIVE;
				GCC_WARN_UNUSED_FUNCTION = YES;
				GCC_WARN_UNUSED_VARIABLE = YES;
				IPHONEOS_DEPLOYMENT_TARGET = 17.2;
				LOCALIZATION_PREFERS_STRING_CATALOGS = YES;
				MTL_ENABLE_DEBUG_INFO = INCLUDE_SOURCE;
				MTL_FAST_MATH = YES;
				ONLY_ACTIVE_ARCH = YES;
				SDKROOT = iphoneos;
				SWIFT_ACTIVE_COMPILATION_CONDITIONS = "DEBUG $(inherited)";
				SWIFT_OPTIMIZATION_LEVEL = "-Onone";
			};
			name = Debug;
		};
		8B70601B2B3DE0CE00E2AC3F /* Release */ = {
			isa = XCBuildConfiguration;
			buildSettings = {
				ALWAYS_SEARCH_USER_PATHS = NO;
				ASSETCATALOG_COMPILER_GENERATE_SWIFT_ASSET_SYMBOL_EXTENSIONS = YES;
				CLANG_ANALYZER_NONNULL = YES;
				CLANG_ANALYZER_NUMBER_OBJECT_CONVERSION = YES_AGGRESSIVE;
				CLANG_CXX_LANGUAGE_STANDARD = "gnu++20";
				CLANG_ENABLE_MODULES = YES;
				CLANG_ENABLE_OBJC_ARC = YES;
				CLANG_ENABLE_OBJC_WEAK = YES;
				CLANG_WARN_BLOCK_CAPTURE_AUTORELEASING = YES;
				CLANG_WARN_BOOL_CONVERSION = YES;
				CLANG_WARN_COMMA = YES;
				CLANG_WARN_CONSTANT_CONVERSION = YES;
				CLANG_WARN_DEPRECATED_OBJC_IMPLEMENTATIONS = YES;
				CLANG_WARN_DIRECT_OBJC_ISA_USAGE = YES_ERROR;
				CLANG_WARN_DOCUMENTATION_COMMENTS = YES;
				CLANG_WARN_EMPTY_BODY = YES;
				CLANG_WARN_ENUM_CONVERSION = YES;
				CLANG_WARN_INFINITE_RECURSION = YES;
				CLANG_WARN_INT_CONVERSION = YES;
				CLANG_WARN_NON_LITERAL_NULL_CONVERSION = YES;
				CLANG_WARN_OBJC_IMPLICIT_RETAIN_SELF = YES;
				CLANG_WARN_OBJC_LITERAL_CONVERSION = YES;
				CLANG_WARN_OBJC_ROOT_CLASS = YES_ERROR;
				CLANG_WARN_QUOTED_INCLUDE_IN_FRAMEWORK_HEADER = YES;
				CLANG_WARN_RANGE_LOOP_ANALYSIS = YES;
				CLANG_WARN_STRICT_PROTOTYPES = YES;
				CLANG_WARN_SUSPICIOUS_MOVE = YES;
				CLANG_WARN_UNGUARDED_AVAILABILITY = YES_AGGRESSIVE;
				CLANG_WARN_UNREACHABLE_CODE = YES;
				CLANG_WARN__DUPLICATE_METHOD_MATCH = YES;
				COPY_PHASE_STRIP = NO;
				DEBUG_INFORMATION_FORMAT = "dwarf-with-dsym";
				ENABLE_NS_ASSERTIONS = NO;
				ENABLE_STRICT_OBJC_MSGSEND = YES;
				ENABLE_USER_SCRIPT_SANDBOXING = YES;
				GCC_C_LANGUAGE_STANDARD = gnu17;
				GCC_NO_COMMON_BLOCKS = YES;
				GCC_WARN_64_TO_32_BIT_CONVERSION = YES;
				GCC_WARN_ABOUT_RETURN_TYPE = YES_ERROR;
				GCC_WARN_UNDECLARED_SELECTOR = YES;
				GCC_WARN_UNINITIALIZED_AUTOS = YES_AGGRESSIVE;
				GCC_WARN_UNUSED_FUNCTION = YES;
				GCC_WARN_UNUSED_VARIABLE = YES;
				IPHONEOS_DEPLOYMENT_TARGET = 17.2;
				LOCALIZATION_PREFERS_STRING_CATALOGS = YES;
				MTL_ENABLE_DEBUG_INFO = NO;
				MTL_FAST_MATH = YES;
				SDKROOT = iphoneos;
				SWIFT_COMPILATION_MODE = wholemodule;
				VALIDATE_PRODUCT = YES;
			};
			name = Release;
		};
		8B70601D2B3DE0CE00E2AC3F /* Debug */ = {
			isa = XCBuildConfiguration;
			buildSettings = {
				ASSETCATALOG_COMPILER_APPICON_NAME = AppIcon;
				ASSETCATALOG_COMPILER_GLOBAL_ACCENT_COLOR_NAME = AccentColor;
				CODE_SIGN_STYLE = Automatic;
				CURRENT_PROJECT_VERSION = 1;
				DEVELOPMENT_ASSET_PATHS = "\"Health App/Preview Content\"";
				DEVELOPMENT_TEAM = 6CTZ99RBT4;
				ENABLE_PREVIEWS = YES;
				GENERATE_INFOPLIST_FILE = YES;
				INFOPLIST_KEY_UIApplicationSceneManifest_Generation = YES;
				INFOPLIST_KEY_UIApplicationSupportsIndirectInputEvents = YES;
				INFOPLIST_KEY_UILaunchScreen_Generation = YES;
				INFOPLIST_KEY_UISupportedInterfaceOrientations_iPad = "UIInterfaceOrientationPortrait UIInterfaceOrientationPortraitUpsideDown UIInterfaceOrientationLandscapeLeft UIInterfaceOrientationLandscapeRight";
				INFOPLIST_KEY_UISupportedInterfaceOrientations_iPhone = "UIInterfaceOrientationPortrait UIInterfaceOrientationLandscapeLeft UIInterfaceOrientationLandscapeRight";
				IPHONEOS_DEPLOYMENT_TARGET = 17.0;
				LD_RUNPATH_SEARCH_PATHS = (
					"$(inherited)",
					"@executable_path/Frameworks",
				);
				MARKETING_VERSION = 1.0;
				PRODUCT_BUNDLE_IDENTIFIER = "com.TudorHirtopanu.Health-App";
				PRODUCT_NAME = "$(TARGET_NAME)";
				SWIFT_EMIT_LOC_STRINGS = YES;
				SWIFT_VERSION = 5.0;
				TARGETED_DEVICE_FAMILY = "1,2";
			};
			name = Debug;
		};
		8B70601E2B3DE0CE00E2AC3F /* Release */ = {
			isa = XCBuildConfiguration;
			buildSettings = {
				ASSETCATALOG_COMPILER_APPICON_NAME = AppIcon;
				ASSETCATALOG_COMPILER_GLOBAL_ACCENT_COLOR_NAME = AccentColor;
				CODE_SIGN_STYLE = Automatic;
				CURRENT_PROJECT_VERSION = 1;
				DEVELOPMENT_ASSET_PATHS = "\"Health App/Preview Content\"";
				DEVELOPMENT_TEAM = 6CTZ99RBT4;
				ENABLE_PREVIEWS = YES;
				GENERATE_INFOPLIST_FILE = YES;
				INFOPLIST_KEY_UIApplicationSceneManifest_Generation = YES;
				INFOPLIST_KEY_UIApplicationSupportsIndirectInputEvents = YES;
				INFOPLIST_KEY_UILaunchScreen_Generation = YES;
				INFOPLIST_KEY_UISupportedInterfaceOrientations_iPad = "UIInterfaceOrientationPortrait UIInterfaceOrientationPortraitUpsideDown UIInterfaceOrientationLandscapeLeft UIInterfaceOrientationLandscapeRight";
				INFOPLIST_KEY_UISupportedInterfaceOrientations_iPhone = "UIInterfaceOrientationPortrait UIInterfaceOrientationLandscapeLeft UIInterfaceOrientationLandscapeRight";
				IPHONEOS_DEPLOYMENT_TARGET = 17.0;
				LD_RUNPATH_SEARCH_PATHS = (
					"$(inherited)",
					"@executable_path/Frameworks",
				);
				MARKETING_VERSION = 1.0;
				PRODUCT_BUNDLE_IDENTIFIER = "com.TudorHirtopanu.Health-App";
				PRODUCT_NAME = "$(TARGET_NAME)";
				SWIFT_EMIT_LOC_STRINGS = YES;
				SWIFT_VERSION = 5.0;
				TARGETED_DEVICE_FAMILY = "1,2";
			};
			name = Release;
		};
/* End XCBuildConfiguration section */

/* Begin XCConfigurationList section */
		8B7060092B3DE0CB00E2AC3F /* Build configuration list for PBXProject "Health App" */ = {
			isa = XCConfigurationList;
			buildConfigurations = (
				8B70601A2B3DE0CE00E2AC3F /* Debug */,
				8B70601B2B3DE0CE00E2AC3F /* Release */,
			);
			defaultConfigurationIsVisible = 0;
			defaultConfigurationName = Release;
		};
		8B70601C2B3DE0CE00E2AC3F /* Build configuration list for PBXNativeTarget "Health App" */ = {
			isa = XCConfigurationList;
			buildConfigurations = (
				8B70601D2B3DE0CE00E2AC3F /* Debug */,
				8B70601E2B3DE0CE00E2AC3F /* Release */,
			);
			defaultConfigurationIsVisible = 0;
			defaultConfigurationName = Release;
		};
/* End XCConfigurationList section */
	};
	rootObject = 8B7060062B3DE0CB00E2AC3F /* Project object */;
}
